
Microsoft Visual Studio Solution File, Format Version 12.00
# Visual Studio Version 17
VisualStudioVersion = 17.10.35027.167
MinimumVisualStudioVersion = 10.0.40219.1
Project("{FAE04EC0-301F-11D3-BF4B-00C04F79EFBC}") = "Book", "Book\Book.csproj", "{8B74D2F9-CDAF-4E0A-8655-E7FF1DD821E3}"
EndProject
Project("{FAE04EC0-301F-11D3-BF4B-00C04F79EFBC}") = "Domain", "Domain\Domain.csproj", "{641070A5-7CDC-489B-BE40-5463CBD636D0}"
EndProject
Project("{FAE04EC0-301F-11D3-BF4B-00C04F79EFBC}") = "Infrastructure", "Repository\Infrastructure.csproj", "{649F16C3-AB41-4736-8D00-7191BA3484E4}"
EndProject
Project("{FAE04EC0-301F-11D3-BF4B-00C04F79EFBC}") = "Service", "Service\Service.csproj", "{A2A55ED3-9BE3-4BCF-9B9F-067D0F33FAD8}"
EndProject
Global
	GlobalSection(SolutionConfigurationPlatforms) = preSolution
		Debug|Any CPU = Debug|Any CPU
		Release|Any CPU = Release|Any CPU
	EndGlobalSection
	GlobalSection(ProjectConfigurationPlatforms) = postSolution
		{8B74D2F9-CDAF-4E0A-8655-E7FF1DD821E3}.Debug|Any CPU.ActiveCfg = Debug|Any CPU
		{8B74D2F9-CDAF-4E0A-8655-E7FF1DD821E3}.Debug|Any CPU.Build.0 = Debug|Any CPU
		{8B74D2F9-CDAF-4E0A-8655-E7FF1DD821E3}.Release|Any CPU.ActiveCfg = Release|Any CPU
		{8B74D2F9-CDAF-4E0A-8655-E7FF1DD821E3}.Release|Any CPU.Build.0 = Release|Any CPU
		{641070A5-7CDC-489B-BE40-5463CBD636D0}.Debug|Any CPU.ActiveCfg = Debug|Any CPU
		{641070A5-7CDC-489B-BE40-5463CBD636D0}.Debug|Any CPU.Build.0 = Debug|Any CPU
		{641070A5-7CDC-489B-BE40-5463CBD636D0}.Release|Any CPU.ActiveCfg = Release|Any CPU
		{641070A5-7CDC-489B-BE40-5463CBD636D0}.Release|Any CPU.Build.0 = Release|Any CPU
		{649F16C3-AB41-4736-8D00-7191BA3484E4}.Debug|Any CPU.ActiveCfg = Debug|Any CPU
		{649F16C3-AB41-4736-8D00-7191BA3484E4}.Debug|Any CPU.Build.0 = Debug|Any CPU
		{649F16C3-AB41-4736-8D00-7191BA3484E4}.Release|Any CPU.ActiveCfg = Release|Any CPU
		{649F16C3-AB41-4736-8D00-7191BA3484E4}.Release|Any CPU.Build.0 = Release|Any CPU
		{A2A55ED3-9BE3-4BCF-9B9F-067D0F33FAD8}.Debug|Any CPU.ActiveCfg = Debug|Any CPU
		{A2A55ED3-9BE3-4BCF-9B9F-067D0F33FAD8}.Debug|Any CPU.Build.0 = Debug|Any CPU
		{A2A55ED3-9BE3-4BCF-9B9F-067D0F33FAD8}.Release|Any CPU.ActiveCfg = Release|Any CPU
		{A2A55ED3-9BE3-4BCF-9B9F-067D0F33FAD8}.Release|Any CPU.Build.0 = Release|Any CPU
	EndGlobalSection
	GlobalSection(SolutionProperties) = preSolution
		HideSolutionNode = FALSE
	EndGlobalSection
	GlobalSection(ExtensibilityGlobals) = postSolution
		SolutionGuid = {2407B16F-5141-48A8-869F-4CC01D8C67EE}
	EndGlobalSection
EndGlobal
